// !$*UTF8*$!
{
	archiveVersion = 1;
	classes = {
	};
	objectVersion = 50;
	objects = {

/* Begin PBXBuildFile section */
		2EDE4D602504B6C1003376BA /* Endpoint.swift in Sources */ = {isa = PBXBuildFile; fileRef = 2EDE4D5F2504B6C1003376BA /* Endpoint.swift */; };
		2EDE4D632504B9CB003376BA /* EndpointTests.swift in Sources */ = {isa = PBXBuildFile; fileRef = 2EDE4D622504B9CB003376BA /* EndpointTests.swift */; };
		2EDE4D652504BA0C003376BA /* Endpoint.swift in Sources */ = {isa = PBXBuildFile; fileRef = 2EDE4D5F2504B6C1003376BA /* Endpoint.swift */; };
		2EDEFD4E25044D5400D7EB46 /* AppDelegate.swift in Sources */ = {isa = PBXBuildFile; fileRef = 2EDEFD4D25044D5400D7EB46 /* AppDelegate.swift */; };
		2EDEFD5025044D5400D7EB46 /* SceneDelegate.swift in Sources */ = {isa = PBXBuildFile; fileRef = 2EDEFD4F25044D5400D7EB46 /* SceneDelegate.swift */; };
		2EDEFD5225044D5400D7EB46 /* ViewController.swift in Sources */ = {isa = PBXBuildFile; fileRef = 2EDEFD5125044D5400D7EB46 /* ViewController.swift */; };
		2EDEFD5525044D5400D7EB46 /* Main.storyboard in Resources */ = {isa = PBXBuildFile; fileRef = 2EDEFD5325044D5400D7EB46 /* Main.storyboard */; };
		2EDEFD5725044D5500D7EB46 /* Assets.xcassets in Resources */ = {isa = PBXBuildFile; fileRef = 2EDEFD5625044D5500D7EB46 /* Assets.xcassets */; };
		2EDEFD5A25044D5500D7EB46 /* LaunchScreen.storyboard in Resources */ = {isa = PBXBuildFile; fileRef = 2EDEFD5825044D5500D7EB46 /* LaunchScreen.storyboard */; };
		2EDEFD8725045ACB00D7EB46 /* Observable.swift in Sources */ = {isa = PBXBuildFile; fileRef = 2EDEFD8625045ACB00D7EB46 /* Observable.swift */; };
		2EDEFD8925045E9C00D7EB46 /* ObservableTests.swift in Sources */ = {isa = PBXBuildFile; fileRef = 2EDEFD8825045E9C00D7EB46 /* ObservableTests.swift */; };
		2EDEFD8B25045F0D00D7EB46 /* Observable.swift in Sources */ = {isa = PBXBuildFile; fileRef = 2EDEFD8625045ACB00D7EB46 /* Observable.swift */; };
		2EDEFD8E2504694200D7EB46 /* Currency.swift in Sources */ = {isa = PBXBuildFile; fileRef = 2EDEFD8D2504694200D7EB46 /* Currency.swift */; };
		2EDEFD90250469D600D7EB46 /* CurrencyTests.swift in Sources */ = {isa = PBXBuildFile; fileRef = 2EDEFD8F250469D600D7EB46 /* CurrencyTests.swift */; };
		2EDEFD9225046A3400D7EB46 /* rates.json in Resources */ = {isa = PBXBuildFile; fileRef = 2EDEFD9125046A3400D7EB46 /* rates.json */; };
		2EDEFD9325046C5200D7EB46 /* Currency.swift in Sources */ = {isa = PBXBuildFile; fileRef = 2EDEFD8D2504694200D7EB46 /* Currency.swift */; };
/* End PBXBuildFile section */

/* Begin PBXContainerItemProxy section */
		2EDEFD6125044D5500D7EB46 /* PBXContainerItemProxy */ = {
			isa = PBXContainerItemProxy;
			containerPortal = 2EDEFD4225044D5400D7EB46 /* Project object */;
			proxyType = 1;
			remoteGlobalIDString = 2EDEFD4925044D5400D7EB46;
			remoteInfo = Corrence;
		};
/* End PBXContainerItemProxy section */

/* Begin PBXFileReference section */
		2EDE4D5F2504B6C1003376BA /* Endpoint.swift */ = {isa = PBXFileReference; lastKnownFileType = sourcecode.swift; path = Endpoint.swift; sourceTree = "<group>"; };
		2EDE4D622504B9CB003376BA /* EndpointTests.swift */ = {isa = PBXFileReference; lastKnownFileType = sourcecode.swift; path = EndpointTests.swift; sourceTree = "<group>"; };
		2EDEFD4A25044D5400D7EB46 /* Corrence.app */ = {isa = PBXFileReference; explicitFileType = wrapper.application; includeInIndex = 0; path = Corrence.app; sourceTree = BUILT_PRODUCTS_DIR; };
		2EDEFD4D25044D5400D7EB46 /* AppDelegate.swift */ = {isa = PBXFileReference; lastKnownFileType = sourcecode.swift; path = AppDelegate.swift; sourceTree = "<group>"; };
		2EDEFD4F25044D5400D7EB46 /* SceneDelegate.swift */ = {isa = PBXFileReference; lastKnownFileType = sourcecode.swift; path = SceneDelegate.swift; sourceTree = "<group>"; };
		2EDEFD5125044D5400D7EB46 /* ViewController.swift */ = {isa = PBXFileReference; lastKnownFileType = sourcecode.swift; path = ViewController.swift; sourceTree = "<group>"; };
		2EDEFD5425044D5400D7EB46 /* Base */ = {isa = PBXFileReference; lastKnownFileType = file.storyboard; name = Base; path = Base.lproj/Main.storyboard; sourceTree = "<group>"; };
		2EDEFD5625044D5500D7EB46 /* Assets.xcassets */ = {isa = PBXFileReference; lastKnownFileType = folder.assetcatalog; path = Assets.xcassets; sourceTree = "<group>"; };
		2EDEFD5925044D5500D7EB46 /* Base */ = {isa = PBXFileReference; lastKnownFileType = file.storyboard; name = Base; path = Base.lproj/LaunchScreen.storyboard; sourceTree = "<group>"; };
		2EDEFD5B25044D5500D7EB46 /* Info.plist */ = {isa = PBXFileReference; lastKnownFileType = text.plist.xml; path = Info.plist; sourceTree = "<group>"; };
		2EDEFD6025044D5500D7EB46 /* CorrenceTests.xctest */ = {isa = PBXFileReference; explicitFileType = wrapper.cfbundle; includeInIndex = 0; path = CorrenceTests.xctest; sourceTree = BUILT_PRODUCTS_DIR; };
		2EDEFD6625044D5500D7EB46 /* Info.plist */ = {isa = PBXFileReference; lastKnownFileType = text.plist.xml; path = Info.plist; sourceTree = "<group>"; };
		2EDEFD8625045ACB00D7EB46 /* Observable.swift */ = {isa = PBXFileReference; lastKnownFileType = sourcecode.swift; path = Observable.swift; sourceTree = "<group>"; };
		2EDEFD8825045E9C00D7EB46 /* ObservableTests.swift */ = {isa = PBXFileReference; lastKnownFileType = sourcecode.swift; path = ObservableTests.swift; sourceTree = "<group>"; };
		2EDEFD8D2504694200D7EB46 /* Currency.swift */ = {isa = PBXFileReference; lastKnownFileType = sourcecode.swift; path = Currency.swift; sourceTree = "<group>"; };
		2EDEFD8F250469D600D7EB46 /* CurrencyTests.swift */ = {isa = PBXFileReference; lastKnownFileType = sourcecode.swift; path = CurrencyTests.swift; sourceTree = "<group>"; };
		2EDEFD9125046A3400D7EB46 /* rates.json */ = {isa = PBXFileReference; fileEncoding = 4; lastKnownFileType = text.json; path = rates.json; sourceTree = "<group>"; };
/* End PBXFileReference section */

/* Begin PBXFrameworksBuildPhase section */
		2EDEFD4725044D5400D7EB46 /* Frameworks */ = {
			isa = PBXFrameworksBuildPhase;
			buildActionMask = 2147483647;
			files = (
			);
			runOnlyForDeploymentPostprocessing = 0;
		};
		2EDEFD5D25044D5500D7EB46 /* Frameworks */ = {
			isa = PBXFrameworksBuildPhase;
			buildActionMask = 2147483647;
			files = (
			);
			runOnlyForDeploymentPostprocessing = 0;
		};
/* End PBXFrameworksBuildPhase section */

/* Begin PBXGroup section */
		2EDE4D5C2504B330003376BA /* Network */ = {
			isa = PBXGroup;
			children = (
				2EDE4D5F2504B6C1003376BA /* Endpoint.swift */,
			);
			path = Network;
			sourceTree = "<group>";
		};
		2EDE4D612504B9BF003376BA /* Network */ = {
			isa = PBXGroup;
			children = (
				2EDE4D622504B9CB003376BA /* EndpointTests.swift */,
			);
			path = Network;
			sourceTree = "<group>";
		};
		2EDEFD4125044D5400D7EB46 = {
			isa = PBXGroup;
			children = (
				2EDEFD4C25044D5400D7EB46 /* Corrence */,
				2EDEFD6325044D5500D7EB46 /* CorrenceTests */,
				2EDEFD4B25044D5400D7EB46 /* Products */,
			);
			sourceTree = "<group>";
		};
		2EDEFD4B25044D5400D7EB46 /* Products */ = {
			isa = PBXGroup;
			children = (
				2EDEFD4A25044D5400D7EB46 /* Corrence.app */,
				2EDEFD6025044D5500D7EB46 /* CorrenceTests.xctest */,
			);
			name = Products;
			sourceTree = "<group>";
		};
		2EDEFD4C25044D5400D7EB46 /* Corrence */ = {
			isa = PBXGroup;
			children = (
				2EDEFD832504581500D7EB46 /* Model */,
				2EDEFD952504765100D7EB46 /* View */,
				2EDE4D5C2504B330003376BA /* Network */,
				2EDEFD8C250467E600D7EB46 /* Support */,
			);
			path = Corrence;
			sourceTree = "<group>";
		};
		2EDEFD6325044D5500D7EB46 /* CorrenceTests */ = {
			isa = PBXGroup;
			children = (
				2EDE4D612504B9BF003376BA /* Network */,
				2EDEFD97250476A800D7EB46 /* Model */,
				2EDEFD9125046A3400D7EB46 /* rates.json */,
				2EDEFD6625044D5500D7EB46 /* Info.plist */,
			);
			path = CorrenceTests;
			sourceTree = "<group>";
		};
		2EDEFD832504581500D7EB46 /* Model */ = {
			isa = PBXGroup;
			children = (
				2EDEFD8625045ACB00D7EB46 /* Observable.swift */,
				2EDEFD8D2504694200D7EB46 /* Currency.swift */,
			);
			path = Model;
			sourceTree = "<group>";
		};
		2EDEFD8C250467E600D7EB46 /* Support */ = {
			isa = PBXGroup;
			children = (
				2EDEFD4D25044D5400D7EB46 /* AppDelegate.swift */,
				2EDEFD4F25044D5400D7EB46 /* SceneDelegate.swift */,
				2EDEFD5625044D5500D7EB46 /* Assets.xcassets */,
				2EDEFD5825044D5500D7EB46 /* LaunchScreen.storyboard */,
				2EDEFD5B25044D5500D7EB46 /* Info.plist */,
			);
			name = Support;
			sourceTree = "<group>";
		};
		2EDEFD952504765100D7EB46 /* View */ = {
			isa = PBXGroup;
			children = (
				2EDEFD5325044D5400D7EB46 /* Main.storyboard */,
				2EDEFD5125044D5400D7EB46 /* ViewController.swift */,
			);
			path = View;
			sourceTree = "<group>";
		};
		2EDEFD97250476A800D7EB46 /* Model */ = {
			isa = PBXGroup;
			children = (
				2EDEFD8825045E9C00D7EB46 /* ObservableTests.swift */,
				2EDEFD8F250469D600D7EB46 /* CurrencyTests.swift */,
			);
			path = Model;
			sourceTree = "<group>";
		};
/* End PBXGroup section */

/* Begin PBXNativeTarget section */
		2EDEFD4925044D5400D7EB46 /* Corrence */ = {
			isa = PBXNativeTarget;
			buildConfigurationList = 2EDEFD7425044D5500D7EB46 /* Build configuration list for PBXNativeTarget "Corrence" */;
			buildPhases = (
				2EDEFD4625044D5400D7EB46 /* Sources */,
				2EDEFD4725044D5400D7EB46 /* Frameworks */,
				2EDEFD4825044D5400D7EB46 /* Resources */,
			);
			buildRules = (
			);
			dependencies = (
			);
			name = Corrence;
			productName = Corrence;
			productReference = 2EDEFD4A25044D5400D7EB46 /* Corrence.app */;
			productType = "com.apple.product-type.application";
		};
		2EDEFD5F25044D5500D7EB46 /* CorrenceTests */ = {
			isa = PBXNativeTarget;
			buildConfigurationList = 2EDEFD7725044D5500D7EB46 /* Build configuration list for PBXNativeTarget "CorrenceTests" */;
			buildPhases = (
				2EDEFD5C25044D5500D7EB46 /* Sources */,
				2EDEFD5D25044D5500D7EB46 /* Frameworks */,
				2EDEFD5E25044D5500D7EB46 /* Resources */,
			);
			buildRules = (
			);
			dependencies = (
				2EDEFD6225044D5500D7EB46 /* PBXTargetDependency */,
			);
			name = CorrenceTests;
			productName = CorrenceTests;
			productReference = 2EDEFD6025044D5500D7EB46 /* CorrenceTests.xctest */;
			productType = "com.apple.product-type.bundle.unit-test";
		};
/* End PBXNativeTarget section */

/* Begin PBXProject section */
		2EDEFD4225044D5400D7EB46 /* Project object */ = {
			isa = PBXProject;
			attributes = {
				LastSwiftUpdateCheck = 1200;
				LastUpgradeCheck = 1200;
				TargetAttributes = {
					2EDEFD4925044D5400D7EB46 = {
						CreatedOnToolsVersion = 12.0;
					};
					2EDEFD5F25044D5500D7EB46 = {
						CreatedOnToolsVersion = 12.0;
						LastSwiftMigration = 1200;
					};
				};
			};
			buildConfigurationList = 2EDEFD4525044D5400D7EB46 /* Build configuration list for PBXProject "Corrence" */;
			compatibilityVersion = "Xcode 9.3";
			developmentRegion = en;
			hasScannedForEncodings = 0;
			knownRegions = (
				en,
				Base,
			);
			mainGroup = 2EDEFD4125044D5400D7EB46;
			productRefGroup = 2EDEFD4B25044D5400D7EB46 /* Products */;
			projectDirPath = "";
			projectRoot = "";
			targets = (
				2EDEFD4925044D5400D7EB46 /* Corrence */,
				2EDEFD5F25044D5500D7EB46 /* CorrenceTests */,
			);
		};
/* End PBXProject section */

/* Begin PBXResourcesBuildPhase section */
		2EDEFD4825044D5400D7EB46 /* Resources */ = {
			isa = PBXResourcesBuildPhase;
			buildActionMask = 2147483647;
			files = (
				2EDEFD5A25044D5500D7EB46 /* LaunchScreen.storyboard in Resources */,
				2EDEFD5725044D5500D7EB46 /* Assets.xcassets in Resources */,
				2EDEFD5525044D5400D7EB46 /* Main.storyboard in Resources */,
			);
			runOnlyForDeploymentPostprocessing = 0;
		};
		2EDEFD5E25044D5500D7EB46 /* Resources */ = {
			isa = PBXResourcesBuildPhase;
			buildActionMask = 2147483647;
			files = (
				2EDEFD9225046A3400D7EB46 /* rates.json in Resources */,
			);
			runOnlyForDeploymentPostprocessing = 0;
		};
/* End PBXResourcesBuildPhase section */

/* Begin PBXSourcesBuildPhase section */
		2EDEFD4625044D5400D7EB46 /* Sources */ = {
			isa = PBXSourcesBuildPhase;
			buildActionMask = 2147483647;
			files = (
				2EDE4D602504B6C1003376BA /* Endpoint.swift in Sources */,
				2EDEFD5225044D5400D7EB46 /* ViewController.swift in Sources */,
				2EDEFD8E2504694200D7EB46 /* Currency.swift in Sources */,
				2EDEFD8725045ACB00D7EB46 /* Observable.swift in Sources */,
				2EDEFD4E25044D5400D7EB46 /* AppDelegate.swift in Sources */,
				2EDEFD5025044D5400D7EB46 /* SceneDelegate.swift in Sources */,
			);
			runOnlyForDeploymentPostprocessing = 0;
		};
		2EDEFD5C25044D5500D7EB46 /* Sources */ = {
			isa = PBXSourcesBuildPhase;
			buildActionMask = 2147483647;
			files = (
				2EDEFD9325046C5200D7EB46 /* Currency.swift in Sources */,
				2EDEFD8B25045F0D00D7EB46 /* Observable.swift in Sources */,
				2EDEFD90250469D600D7EB46 /* CurrencyTests.swift in Sources */,
				2EDE4D632504B9CB003376BA /* EndpointTests.swift in Sources */,
				2EDE4D652504BA0C003376BA /* Endpoint.swift in Sources */,
				2EDEFD8925045E9C00D7EB46 /* ObservableTests.swift in Sources */,
			);
			runOnlyForDeploymentPostprocessing = 0;
		};
/* End PBXSourcesBuildPhase section */

/* Begin PBXTargetDependency section */
		2EDEFD6225044D5500D7EB46 /* PBXTargetDependency */ = {
			isa = PBXTargetDependency;
			target = 2EDEFD4925044D5400D7EB46 /* Corrence */;
			targetProxy = 2EDEFD6125044D5500D7EB46 /* PBXContainerItemProxy */;
		};
/* End PBXTargetDependency section */

/* Begin PBXVariantGroup section */
		2EDEFD5325044D5400D7EB46 /* Main.storyboard */ = {
			isa = PBXVariantGroup;
			children = (
				2EDEFD5425044D5400D7EB46 /* Base */,
			);
			name = Main.storyboard;
			sourceTree = "<group>";
		};
		2EDEFD5825044D5500D7EB46 /* LaunchScreen.storyboard */ = {
			isa = PBXVariantGroup;
			children = (
				2EDEFD5925044D5500D7EB46 /* Base */,
			);
			name = LaunchScreen.storyboard;
			sourceTree = "<group>";
		};
/* End PBXVariantGroup section */

/* Begin XCBuildConfiguration section */
		2EDEFD7225044D5500D7EB46 /* Debug */ = {
			isa = XCBuildConfiguration;
			buildSettings = {
				ALWAYS_SEARCH_USER_PATHS = NO;
				CLANG_ANALYZER_NONNULL = YES;
				CLANG_ANALYZER_NUMBER_OBJECT_CONVERSION = YES_AGGRESSIVE;
				CLANG_CXX_LANGUAGE_STANDARD = "gnu++14";
				CLANG_CXX_LIBRARY = "libc++";
				CLANG_ENABLE_MODULES = YES;
				CLANG_ENABLE_OBJC_ARC = YES;
				CLANG_ENABLE_OBJC_WEAK = YES;
				CLANG_WARN_BLOCK_CAPTURE_AUTORELEASING = YES;
				CLANG_WARN_BOOL_CONVERSION = YES;
				CLANG_WARN_COMMA = YES;
				CLANG_WARN_CONSTANT_CONVERSION = YES;
				CLANG_WARN_DEPRECATED_OBJC_IMPLEMENTATIONS = YES;
				CLANG_WARN_DIRECT_OBJC_ISA_USAGE = YES_ERROR;
				CLANG_WARN_DOCUMENTATION_COMMENTS = YES;
				CLANG_WARN_EMPTY_BODY = YES;
				CLANG_WARN_ENUM_CONVERSION = YES;
				CLANG_WARN_INFINITE_RECURSION = YES;
				CLANG_WARN_INT_CONVERSION = YES;
				CLANG_WARN_NON_LITERAL_NULL_CONVERSION = YES;
				CLANG_WARN_OBJC_IMPLICIT_RETAIN_SELF = YES;
				CLANG_WARN_OBJC_LITERAL_CONVERSION = YES;
				CLANG_WARN_OBJC_ROOT_CLASS = YES_ERROR;
				CLANG_WARN_QUOTED_INCLUDE_IN_FRAMEWORK_HEADER = YES;
				CLANG_WARN_RANGE_LOOP_ANALYSIS = YES;
				CLANG_WARN_STRICT_PROTOTYPES = YES;
				CLANG_WARN_SUSPICIOUS_MOVE = YES;
				CLANG_WARN_UNGUARDED_AVAILABILITY = YES_AGGRESSIVE;
				CLANG_WARN_UNREACHABLE_CODE = YES;
				CLANG_WARN__DUPLICATE_METHOD_MATCH = YES;
				COPY_PHASE_STRIP = NO;
				DEBUG_INFORMATION_FORMAT = dwarf;
				ENABLE_STRICT_OBJC_MSGSEND = YES;
				ENABLE_TESTABILITY = YES;
				GCC_C_LANGUAGE_STANDARD = gnu11;
				GCC_DYNAMIC_NO_PIC = NO;
				GCC_NO_COMMON_BLOCKS = YES;
				GCC_OPTIMIZATION_LEVEL = 0;
				GCC_PREPROCESSOR_DEFINITIONS = (
					"DEBUG=1",
					"$(inherited)",
				);
				GCC_WARN_64_TO_32_BIT_CONVERSION = YES;
				GCC_WARN_ABOUT_RETURN_TYPE = YES_ERROR;
				GCC_WARN_UNDECLARED_SELECTOR = YES;
				GCC_WARN_UNINITIALIZED_AUTOS = YES_AGGRESSIVE;
				GCC_WARN_UNUSED_FUNCTION = YES;
				GCC_WARN_UNUSED_VARIABLE = YES;
				IPHONEOS_DEPLOYMENT_TARGET = 13.0;
				MTL_ENABLE_DEBUG_INFO = INCLUDE_SOURCE;
				MTL_FAST_MATH = YES;
				ONLY_ACTIVE_ARCH = YES;
				SDKROOT = iphoneos;
				SWIFT_ACTIVE_COMPILATION_CONDITIONS = DEBUG;
				SWIFT_OPTIMIZATION_LEVEL = "-Onone";
			};
			name = Debug;
		};
		2EDEFD7325044D5500D7EB46 /* Release */ = {
			isa = XCBuildConfiguration;
			buildSettings = {
				ALWAYS_SEARCH_USER_PATHS = NO;
				CLANG_ANALYZER_NONNULL = YES;
				CLANG_ANALYZER_NUMBER_OBJECT_CONVERSION = YES_AGGRESSIVE;
				CLANG_CXX_LANGUAGE_STANDARD = "gnu++14";
				CLANG_CXX_LIBRARY = "libc++";
				CLANG_ENABLE_MODULES = YES;
				CLANG_ENABLE_OBJC_ARC = YES;
				CLANG_ENABLE_OBJC_WEAK = YES;
				CLANG_WARN_BLOCK_CAPTURE_AUTORELEASING = YES;
				CLANG_WARN_BOOL_CONVERSION = YES;
				CLANG_WARN_COMMA = YES;
				CLANG_WARN_CONSTANT_CONVERSION = YES;
				CLANG_WARN_DEPRECATED_OBJC_IMPLEMENTATIONS = YES;
				CLANG_WARN_DIRECT_OBJC_ISA_USAGE = YES_ERROR;
				CLANG_WARN_DOCUMENTATION_COMMENTS = YES;
				CLANG_WARN_EMPTY_BODY = YES;
				CLANG_WARN_ENUM_CONVERSION = YES;
				CLANG_WARN_INFINITE_RECURSION = YES;
				CLANG_WARN_INT_CONVERSION = YES;
				CLANG_WARN_NON_LITERAL_NULL_CONVERSION = YES;
				CLANG_WARN_OBJC_IMPLICIT_RETAIN_SELF = YES;
				CLANG_WARN_OBJC_LITERAL_CONVERSION = YES;
				CLANG_WARN_OBJC_ROOT_CLASS = YES_ERROR;
				CLANG_WARN_QUOTED_INCLUDE_IN_FRAMEWORK_HEADER = YES;
				CLANG_WARN_RANGE_LOOP_ANALYSIS = YES;
				CLANG_WARN_STRICT_PROTOTYPES = YES;
				CLANG_WARN_SUSPICIOUS_MOVE = YES;
				CLANG_WARN_UNGUARDED_AVAILABILITY = YES_AGGRESSIVE;
				CLANG_WARN_UNREACHABLE_CODE = YES;
				CLANG_WARN__DUPLICATE_METHOD_MATCH = YES;
				COPY_PHASE_STRIP = NO;
				DEBUG_INFORMATION_FORMAT = "dwarf-with-dsym";
				ENABLE_NS_ASSERTIONS = NO;
				ENABLE_STRICT_OBJC_MSGSEND = YES;
				GCC_C_LANGUAGE_STANDARD = gnu11;
				GCC_NO_COMMON_BLOCKS = YES;
				GCC_WARN_64_TO_32_BIT_CONVERSION = YES;
				GCC_WARN_ABOUT_RETURN_TYPE = YES_ERROR;
				GCC_WARN_UNDECLARED_SELECTOR = YES;
				GCC_WARN_UNINITIALIZED_AUTOS = YES_AGGRESSIVE;
				GCC_WARN_UNUSED_FUNCTION = YES;
				GCC_WARN_UNUSED_VARIABLE = YES;
				IPHONEOS_DEPLOYMENT_TARGET = 13.0;
				MTL_ENABLE_DEBUG_INFO = NO;
				MTL_FAST_MATH = YES;
				SDKROOT = iphoneos;
				SWIFT_COMPILATION_MODE = wholemodule;
				SWIFT_OPTIMIZATION_LEVEL = "-O";
				VALIDATE_PRODUCT = YES;
			};
			name = Release;
		};
		2EDEFD7525044D5500D7EB46 /* Debug */ = {
			isa = XCBuildConfiguration;
			buildSettings = {
				ASSETCATALOG_COMPILER_APPICON_NAME = AppIcon;
				ASSETCATALOG_COMPILER_GLOBAL_ACCENT_COLOR_NAME = AccentColor;
				CODE_SIGN_STYLE = Automatic;
				INFOPLIST_FILE = Corrence/Info.plist;
				IPHONEOS_DEPLOYMENT_TARGET = 13.0;
				LD_RUNPATH_SEARCH_PATHS = (
					"$(inherited)",
					"@executable_path/Frameworks",
				);
				PRODUCT_BUNDLE_IDENTIFIER = com.hikinit.Corrence;
				PRODUCT_NAME = "$(TARGET_NAME)";
				SWIFT_VERSION = 5.0;
				TARGETED_DEVICE_FAMILY = 1;
			};
			name = Debug;
		};
		2EDEFD7625044D5500D7EB46 /* Release */ = {
			isa = XCBuildConfiguration;
			buildSettings = {
				ASSETCATALOG_COMPILER_APPICON_NAME = AppIcon;
				ASSETCATALOG_COMPILER_GLOBAL_ACCENT_COLOR_NAME = AccentColor;
				CODE_SIGN_STYLE = Automatic;
				INFOPLIST_FILE = Corrence/Info.plist;
				IPHONEOS_DEPLOYMENT_TARGET = 13.0;
				LD_RUNPATH_SEARCH_PATHS = (
					"$(inherited)",
					"@executable_path/Frameworks",
				);
				PRODUCT_BUNDLE_IDENTIFIER = com.hikinit.Corrence;
				PRODUCT_NAME = "$(TARGET_NAME)";
				SWIFT_VERSION = 5.0;
				TARGETED_DEVICE_FAMILY = 1;
			};
			name = Release;
		};
		2EDEFD7825044D5500D7EB46 /* Debug */ = {
			isa = XCBuildConfiguration;
			buildSettings = {
				ALWAYS_EMBED_SWIFT_STANDARD_LIBRARIES = YES;
				CLANG_ENABLE_MODULES = YES;
				CODE_SIGN_STYLE = Automatic;
				INFOPLIST_FILE = CorrenceTests/Info.plist;
				IPHONEOS_DEPLOYMENT_TARGET = 14.0;
				LD_RUNPATH_SEARCH_PATHS = (
					"$(inherited)",
					"@executable_path/Frameworks",
					"@loader_path/Frameworks",
				);
				PRODUCT_BUNDLE_IDENTIFIER = com.hikinit.CorrenceTests;
				PRODUCT_NAME = "$(TARGET_NAME)";
				SWIFT_OPTIMIZATION_LEVEL = "-Onone";
				SWIFT_VERSION = 5.0;
				TARGETED_DEVICE_FAMILY = "1,2";
			};
			name = Debug;
		};
		2EDEFD7925044D5500D7EB46 /* Release */ = {
			isa = XCBuildConfiguration;
			buildSettings = {
				ALWAYS_EMBED_SWIFT_STANDARD_LIBRARIES = YES;
				CLANG_ENABLE_MODULES = YES;
				CODE_SIGN_STYLE = Automatic;
				INFOPLIST_FILE = CorrenceTests/Info.plist;
				IPHONEOS_DEPLOYMENT_TARGET = 14.0;
				LD_RUNPATH_SEARCH_PATHS = (
					"$(inherited)",
					"@executable_path/Frameworks",
					"@loader_path/Frameworks",
				);
				PRODUCT_BUNDLE_IDENTIFIER = com.hikinit.CorrenceTests;
				PRODUCT_NAME = "$(TARGET_NAME)";
				SWIFT_VERSION = 5.0;
				TARGETED_DEVICE_FAMILY = "1,2";
			};
			name = Release;
		};
/* End XCBuildConfiguration section */

/* Begin XCConfigurationList section */
		2EDEFD4525044D5400D7EB46 /* Build configuration list for PBXProject "Corrence" */ = {
			isa = XCConfigurationList;
			buildConfigurations = (
				2EDEFD7225044D5500D7EB46 /* Debug */,
				2EDEFD7325044D5500D7EB46 /* Release */,
			);
			defaultConfigurationIsVisible = 0;
			defaultConfigurationName = Release;
		};
		2EDEFD7425044D5500D7EB46 /* Build configuration list for PBXNativeTarget "Corrence" */ = {
			isa = XCConfigurationList;
			buildConfigurations = (
				2EDEFD7525044D5500D7EB46 /* Debug */,
				2EDEFD7625044D5500D7EB46 /* Release */,
			);
			defaultConfigurationIsVisible = 0;
			defaultConfigurationName = Release;
		};
		2EDEFD7725044D5500D7EB46 /* Build configuration list for PBXNativeTarget "CorrenceTests" */ = {
			isa = XCConfigurationList;
			buildConfigurations = (
				2EDEFD7825044D5500D7EB46 /* Debug */,
				2EDEFD7925044D5500D7EB46 /* Release */,
			);
			defaultConfigurationIsVisible = 0;
			defaultConfigurationName = Release;
		};
/* End XCConfigurationList section */
	};
	rootObject = 2EDEFD4225044D5400D7EB46 /* Project object */;
}
